# This file is autogenerated, do not edit; changes may be undone by the next 'dep ensure'.


[[projects]]
  digest = "1:deba4f4561cc7490127f599626c78cbfe972ffacc8edfaf77710de8922e0ae77"
  name = "github.com/aws/aws-lambda-go"
  packages = [
    "events",
    "lambda",
    "lambda/handlertrace",
    "lambda/messages",
    "lambdacontext",
  ]
  pruneopts = ""
  revision = "4c210d7623089d36b6bb6febf5a5e553bf73fbfb"
  version = "v1.11.1"

[[projects]]
  digest = "1:60df532d0e7297cb0be3f801cef57d6f923887f654cac18a6eb5c3e69f846f64"
  name = "github.com/basgys/goxml2json"
  packages = ["."]
  pruneopts = ""
  revision = "652b277a9313806ef04f7c0cb0205dd455c4f344"
  version = "v1.1.0"

[[projects]]
  branch = "master"
  digest = "1:31cd6e3c114e17c5f0c9e8b0bcaa3025ab3c221ce36323c7ce1acaa753d0d0aa"
  name = "golang.org/x/net"
  packages = [
    "html",
    "html/atom",
    "html/charset",
  ]
  pruneopts = ""
  revision = "da137c7871d730100384dbcf36e6f8fa493aef5b"

[[projects]]
  digest = "1:740b51a55815493a8d0f2b1e0d0ae48fe48953bf7eaf3fcc4198823bf67768c0"
  name = "golang.org/x/text"
  packages = [
    "encoding",
    "encoding/charmap",
    "encoding/htmlindex",
    "encoding/internal",
    "encoding/internal/identifier",
    "encoding/japanese",
    "encoding/korean",
    "encoding/simplifiedchinese",
    "encoding/traditionalchinese",
    "encoding/unicode",
    "internal/gen",
    "internal/language",
    "internal/language/compact",
    "internal/tag",
    "internal/utf8internal",
    "language",
    "runes",
    "transform",
    "unicode/cldr",
  ]
  pruneopts = ""
  revision = "342b2e1fbaa52c93f31447ad2c6abc048c63e475"
  version = "v0.3.2"

[solve-meta]
  analyzer-name = "dep"
  analyzer-version = 1
  input-imports = [
    "github.com/aws/aws-lambda-go/events",
    "github.com/aws/aws-lambda-go/lambda",
    "github.com/basgys/goxml2json",
  ]
  solver-name = "gps-cdcl"
  solver-version = 1
